// !$*UTF8*$!
{
	archiveVersion = 1;
	classes = {
	};
	objectVersion = 46;
	objects = {

/* Begin PBXBuildFile section */
		848B03151B65740B00B82C00 /* CoreMotion.framework in Frameworks */ = {isa = PBXBuildFile; fileRef = 848B03141B65740B00B82C00 /* CoreMotion.framework */; };
		848B034A1B658A1300B82C00 /* ViewController.m in Sources */ = {isa = PBXBuildFile; fileRef = 848B03491B658A1300B82C00 /* ViewController.m */; };
		848B034C1B669CE200B82C00 /* AVFoundation.framework in Frameworks */ = {isa = PBXBuildFile; fileRef = 848B034B1B669CE200B82C00 /* AVFoundation.framework */; };
		849D5C1A1B716312002D96DC /* SidebarTableViewController.m in Sources */ = {isa = PBXBuildFile; fileRef = 849D5C191B716312002D96DC /* SidebarTableViewController.m */; };
		849D5C211B71BBDB002D96DC /* SWRevealViewController.m in Sources */ = {isa = PBXBuildFile; fileRef = 849D5C201B71BBDB002D96DC /* SWRevealViewController.m */; };
		849D5C271B71BFE5002D96DC /* calibrationViewController.m in Sources */ = {isa = PBXBuildFile; fileRef = 849D5C261B71BFE5002D96DC /* calibrationViewController.m */; };
		84B6BE1D1B604F9E0027D690 /* main.m in Sources */ = {isa = PBXBuildFile; fileRef = 84B6BE1C1B604F9E0027D690 /* main.m */; };
		84B6BE201B604F9E0027D690 /* AppDelegate.m in Sources */ = {isa = PBXBuildFile; fileRef = 84B6BE1F1B604F9E0027D690 /* AppDelegate.m */; };
		84B6BE291B604F9F0027D690 /* Main.storyboard in Resources */ = {isa = PBXBuildFile; fileRef = 84B6BE271B604F9F0027D690 /* Main.storyboard */; };
		84B6BE2B1B604F9F0027D690 /* Images.xcassets in Resources */ = {isa = PBXBuildFile; fileRef = 84B6BE2A1B604F9F0027D690 /* Images.xcassets */; };
		84B6BE2E1B604F9F0027D690 /* LaunchScreen.xib in Resources */ = {isa = PBXBuildFile; fileRef = 84B6BE2C1B604F9F0027D690 /* LaunchScreen.xib */; };
		84B6BE3A1B604F9F0027D690 /* SomniaTests.m in Sources */ = {isa = PBXBuildFile; fileRef = 84B6BE391B604F9F0027D690 /* SomniaTests.m */; };
/* End PBXBuildFile section */

/* Begin PBXContainerItemProxy section */
		84B6BE341B604F9F0027D690 /* PBXContainerItemProxy */ = {
			isa = PBXContainerItemProxy;
			containerPortal = 84B6BE0F1B604F9E0027D690 /* Project object */;
			proxyType = 1;
			remoteGlobalIDString = 84B6BE161B604F9E0027D690;
			remoteInfo = Somnia;
		};
/* End PBXContainerItemProxy section */

/* Begin PBXFileReference section */
		848B03141B65740B00B82C00 /* CoreMotion.framework */ = {isa = PBXFileReference; lastKnownFileType = wrapper.framework; name = CoreMotion.framework; path = System/Library/Frameworks/CoreMotion.framework; sourceTree = SDKROOT; };
		848B03481B658A1300B82C00 /* ViewController.h */ = {isa = PBXFileReference; fileEncoding = 4; lastKnownFileType = sourcecode.c.h; path = ViewController.h; sourceTree = "<group>"; };
		848B03491B658A1300B82C00 /* ViewController.m */ = {isa = PBXFileReference; fileEncoding = 4; lastKnownFileType = sourcecode.c.objc; path = ViewController.m; sourceTree = "<group>"; };
		848B034B1B669CE200B82C00 /* AVFoundation.framework */ = {isa = PBXFileReference; lastKnownFileType = wrapper.framework; name = AVFoundation.framework; path = System/Library/Frameworks/AVFoundation.framework; sourceTree = SDKROOT; };
		848B034D1B66A07500B82C00 /* Somnia.entitlements */ = {isa = PBXFileReference; lastKnownFileType = text.xml; path = Somnia.entitlements; sourceTree = "<group>"; };
		849D5C181B716312002D96DC /* SidebarTableViewController.h */ = {isa = PBXFileReference; fileEncoding = 4; lastKnownFileType = sourcecode.c.h; path = SidebarTableViewController.h; sourceTree = "<group>"; };
		849D5C191B716312002D96DC /* SidebarTableViewController.m */ = {isa = PBXFileReference; fileEncoding = 4; lastKnownFileType = sourcecode.c.objc; path = SidebarTableViewController.m; sourceTree = "<group>"; };
		849D5C1F1B71BBDB002D96DC /* SWRevealViewController.h */ = {isa = PBXFileReference; fileEncoding = 4; lastKnownFileType = sourcecode.c.h; path = SWRevealViewController.h; sourceTree = "<group>"; };
		849D5C201B71BBDB002D96DC /* SWRevealViewController.m */ = {isa = PBXFileReference; fileEncoding = 4; lastKnownFileType = sourcecode.c.objc; path = SWRevealViewController.m; sourceTree = "<group>"; };
		849D5C251B71BFE5002D96DC /* calibrationViewController.h */ = {isa = PBXFileReference; fileEncoding = 4; lastKnownFileType = sourcecode.c.h; path = calibrationViewController.h; sourceTree = "<group>"; };
		849D5C261B71BFE5002D96DC /* calibrationViewController.m */ = {isa = PBXFileReference; fileEncoding = 4; lastKnownFileType = sourcecode.c.objc; path = calibrationViewController.m; sourceTree = "<group>"; };
		84B6BE171B604F9E0027D690 /* Somnia.app */ = {isa = PBXFileReference; explicitFileType = wrapper.application; includeInIndex = 0; path = Somnia.app; sourceTree = BUILT_PRODUCTS_DIR; };
		84B6BE1B1B604F9E0027D690 /* Info.plist */ = {isa = PBXFileReference; lastKnownFileType = text.plist.xml; path = Info.plist; sourceTree = "<group>"; };
		84B6BE1C1B604F9E0027D690 /* main.m */ = {isa = PBXFileReference; lastKnownFileType = sourcecode.c.objc; path = main.m; sourceTree = "<group>"; };
		84B6BE1E1B604F9E0027D690 /* AppDelegate.h */ = {isa = PBXFileReference; lastKnownFileType = sourcecode.c.h; path = AppDelegate.h; sourceTree = "<group>"; };
		84B6BE1F1B604F9E0027D690 /* AppDelegate.m */ = {isa = PBXFileReference; lastKnownFileType = sourcecode.c.objc; path = AppDelegate.m; sourceTree = "<group>"; };
		84B6BE281B604F9F0027D690 /* Base */ = {isa = PBXFileReference; lastKnownFileType = file.storyboard; name = Base; path = Base.lproj/Main.storyboard; sourceTree = "<group>"; };
		84B6BE2A1B604F9F0027D690 /* Images.xcassets */ = {isa = PBXFileReference; lastKnownFileType = folder.assetcatalog; path = Images.xcassets; sourceTree = "<group>"; };
		84B6BE2D1B604F9F0027D690 /* Base */ = {isa = PBXFileReference; lastKnownFileType = file.xib; name = Base; path = Base.lproj/LaunchScreen.xib; sourceTree = "<group>"; };
		84B6BE331B604F9F0027D690 /* SomniaTests.xctest */ = {isa = PBXFileReference; explicitFileType = wrapper.cfbundle; includeInIndex = 0; path = SomniaTests.xctest; sourceTree = BUILT_PRODUCTS_DIR; };
		84B6BE381B604F9F0027D690 /* Info.plist */ = {isa = PBXFileReference; lastKnownFileType = text.plist.xml; path = Info.plist; sourceTree = "<group>"; };
		84B6BE391B604F9F0027D690 /* SomniaTests.m */ = {isa = PBXFileReference; lastKnownFileType = sourcecode.c.objc; path = SomniaTests.m; sourceTree = "<group>"; };
/* End PBXFileReference section */

/* Begin PBXFrameworksBuildPhase section */
		84B6BE141B604F9E0027D690 /* Frameworks */ = {
			isa = PBXFrameworksBuildPhase;
			buildActionMask = 2147483647;
			files = (
				848B034C1B669CE200B82C00 /* AVFoundation.framework in Frameworks */,
				848B03151B65740B00B82C00 /* CoreMotion.framework in Frameworks */,
			);
			runOnlyForDeploymentPostprocessing = 0;
		};
		84B6BE301B604F9F0027D690 /* Frameworks */ = {
			isa = PBXFrameworksBuildPhase;
			buildActionMask = 2147483647;
			files = (
			);
			runOnlyForDeploymentPostprocessing = 0;
		};
/* End PBXFrameworksBuildPhase section */

/* Begin PBXGroup section */
		849D5C1E1B71BBB0002D96DC /* Somnia */ = {
			isa = PBXGroup;
			children = (
				849D5C1F1B71BBDB002D96DC /* SWRevealViewController.h */,
				849D5C201B71BBDB002D96DC /* SWRevealViewController.m */,
			);
			name = Somnia;
			sourceTree = "<group>";
		};
		84B6BE0E1B604F9E0027D690 = {
			isa = PBXGroup;
			children = (
				848B034B1B669CE200B82C00 /* AVFoundation.framework */,
				848B03141B65740B00B82C00 /* CoreMotion.framework */,
				84B6BE191B604F9E0027D690 /* Somnia */,
				84B6BE361B604F9F0027D690 /* SomniaTests */,
				84B6BE181B604F9E0027D690 /* Products */,
			);
			sourceTree = "<group>";
		};
		84B6BE181B604F9E0027D690 /* Products */ = {
			isa = PBXGroup;
			children = (
				84B6BE171B604F9E0027D690 /* Somnia.app */,
				84B6BE331B604F9F0027D690 /* SomniaTests.xctest */,
			);
			name = Products;
			sourceTree = "<group>";
		};
		84B6BE191B604F9E0027D690 /* Somnia */ = {
			isa = PBXGroup;
			children = (
				849D5C1E1B71BBB0002D96DC /* Somnia */,
				848B034D1B66A07500B82C00 /* Somnia.entitlements */,
				84B6BE1E1B604F9E0027D690 /* AppDelegate.h */,
				84B6BE1F1B604F9E0027D690 /* AppDelegate.m */,
				848B03481B658A1300B82C00 /* ViewController.h */,
				848B03491B658A1300B82C00 /* ViewController.m */,
				849D5C251B71BFE5002D96DC /* calibrationViewController.h */,
				849D5C261B71BFE5002D96DC /* calibrationViewController.m */,
				849D5C181B716312002D96DC /* SidebarTableViewController.h */,
				849D5C191B716312002D96DC /* SidebarTableViewController.m */,
				84B6BE271B604F9F0027D690 /* Main.storyboard */,
				84B6BE2A1B604F9F0027D690 /* Images.xcassets */,
				84B6BE2C1B604F9F0027D690 /* LaunchScreen.xib */,
				84B6BE1A1B604F9E0027D690 /* Supporting Files */,
			);
			path = Somnia;
			sourceTree = "<group>";
		};
		84B6BE1A1B604F9E0027D690 /* Supporting Files */ = {
			isa = PBXGroup;
			children = (
				84B6BE1B1B604F9E0027D690 /* Info.plist */,
				84B6BE1C1B604F9E0027D690 /* main.m */,
			);
			name = "Supporting Files";
			sourceTree = "<group>";
		};
		84B6BE361B604F9F0027D690 /* SomniaTests */ = {
			isa = PBXGroup;
			children = (
				84B6BE391B604F9F0027D690 /* SomniaTests.m */,
				84B6BE371B604F9F0027D690 /* Supporting Files */,
			);
			path = SomniaTests;
			sourceTree = "<group>";
		};
		84B6BE371B604F9F0027D690 /* Supporting Files */ = {
			isa = PBXGroup;
			children = (
				84B6BE381B604F9F0027D690 /* Info.plist */,
			);
			name = "Supporting Files";
			sourceTree = "<group>";
		};
/* End PBXGroup section */

/* Begin PBXNativeTarget section */
		84B6BE161B604F9E0027D690 /* Somnia */ = {
			isa = PBXNativeTarget;
			buildConfigurationList = 84B6BE3D1B604F9F0027D690 /* Build configuration list for PBXNativeTarget "Somnia" */;
			buildPhases = (
				84B6BE131B604F9E0027D690 /* Sources */,
				84B6BE141B604F9E0027D690 /* Frameworks */,
				84B6BE151B604F9E0027D690 /* Resources */,
			);
			buildRules = (
			);
			dependencies = (
			);
			name = Somnia;
			productName = Somnia;
			productReference = 84B6BE171B604F9E0027D690 /* Somnia.app */;
			productType = "com.apple.product-type.application";
		};
		84B6BE321B604F9F0027D690 /* SomniaTests */ = {
			isa = PBXNativeTarget;
			buildConfigurationList = 84B6BE401B604F9F0027D690 /* Build configuration list for PBXNativeTarget "SomniaTests" */;
			buildPhases = (
				84B6BE2F1B604F9F0027D690 /* Sources */,
				84B6BE301B604F9F0027D690 /* Frameworks */,
				84B6BE311B604F9F0027D690 /* Resources */,
			);
			buildRules = (
			);
			dependencies = (
				84B6BE351B604F9F0027D690 /* PBXTargetDependency */,
			);
			name = SomniaTests;
			productName = SomniaTests;
			productReference = 84B6BE331B604F9F0027D690 /* SomniaTests.xctest */;
			productType = "com.apple.product-type.bundle.unit-test";
		};
/* End PBXNativeTarget section */

/* Begin PBXProject section */
		84B6BE0F1B604F9E0027D690 /* Project object */ = {
			isa = PBXProject;
			attributes = {
				LastUpgradeCheck = 0630;
				ORGANIZATIONNAME = psychoSoma;
				TargetAttributes = {
					84B6BE161B604F9E0027D690 = {
						CreatedOnToolsVersion = 6.3.2;
						DevelopmentTeam = 7TX62B59X4;
						SystemCapabilities = {
							com.apple.HealthKit = {
								enabled = 0;
							};
							com.apple.HomeKit = {
								enabled = 0;
							};
							com.apple.Maps.iOS = {
								enabled = 0;
							};
						};
					};
					84B6BE321B604F9F0027D690 = {
						CreatedOnToolsVersion = 6.3.2;
						TestTargetID = 84B6BE161B604F9E0027D690;
					};
				};
			};
			buildConfigurationList = 84B6BE121B604F9E0027D690 /* Build configuration list for PBXProject "Somnia" */;
			compatibilityVersion = "Xcode 3.2";
			developmentRegion = English;
			hasScannedForEncodings = 0;
			knownRegions = (
				en,
				Base,
			);
			mainGroup = 84B6BE0E1B604F9E0027D690;
			productRefGroup = 84B6BE181B604F9E0027D690 /* Products */;
			projectDirPath = "";
			projectRoot = "";
			targets = (
				84B6BE161B604F9E0027D690 /* Somnia */,
				84B6BE321B604F9F0027D690 /* SomniaTests */,
			);
		};
/* End PBXProject section */

/* Begin PBXResourcesBuildPhase section */
		84B6BE151B604F9E0027D690 /* Resources */ = {
			isa = PBXResourcesBuildPhase;
			buildActionMask = 2147483647;
			files = (
				84B6BE291B604F9F0027D690 /* Main.storyboard in Resources */,
				84B6BE2E1B604F9F0027D690 /* LaunchScreen.xib in Resources */,
				84B6BE2B1B604F9F0027D690 /* Images.xcassets in Resources */,
			);
			runOnlyForDeploymentPostprocessing = 0;
		};
		84B6BE311B604F9F0027D690 /* Resources */ = {
			isa = PBXResourcesBuildPhase;
			buildActionMask = 2147483647;
			files = (
			);
			runOnlyForDeploymentPostprocessing = 0;
		};
/* End PBXResourcesBuildPhase section */

/* Begin PBXSourcesBuildPhase section */
		84B6BE131B604F9E0027D690 /* Sources */ = {
			isa = PBXSourcesBuildPhase;
			buildActionMask = 2147483647;
			files = (
				849D5C1A1B716312002D96DC /* SidebarTableViewController.m in Sources */,
				84B6BE201B604F9E0027D690 /* AppDelegate.m in Sources */,
				84B6BE1D1B604F9E0027D690 /* main.m in Sources */,
				848B034A1B658A1300B82C00 /* ViewController.m in Sources */,
				849D5C211B71BBDB002D96DC /* SWRevealViewController.m in Sources */,
				849D5C271B71BFE5002D96DC /* calibrationViewController.m in Sources */,
			);
			runOnlyForDeploymentPostprocessing = 0;
		};
		84B6BE2F1B604F9F0027D690 /* Sources */ = {
			isa = PBXSourcesBuildPhase;
			buildActionMask = 2147483647;
			files = (
				84B6BE3A1B604F9F0027D690 /* SomniaTests.m in Sources */,
			);
			runOnlyForDeploymentPostprocessing = 0;
		};
/* End PBXSourcesBuildPhase section */

/* Begin PBXTargetDependency section */
		84B6BE351B604F9F0027D690 /* PBXTargetDependency */ = {
			isa = PBXTargetDependency;
			target = 84B6BE161B604F9E0027D690 /* Somnia */;
			targetProxy = 84B6BE341B604F9F0027D690 /* PBXContainerItemProxy */;
		};
/* End PBXTargetDependency section */

/* Begin PBXVariantGroup section */
		84B6BE271B604F9F0027D690 /* Main.storyboard */ = {
			isa = PBXVariantGroup;
			children = (
				84B6BE281B604F9F0027D690 /* Base */,
			);
			name = Main.storyboard;
			sourceTree = "<group>";
		};
		84B6BE2C1B604F9F0027D690 /* LaunchScreen.xib */ = {
			isa = PBXVariantGroup;
			children = (
				84B6BE2D1B604F9F0027D690 /* Base */,
			);
			name = LaunchScreen.xib;
			sourceTree = "<group>";
		};
/* End PBXVariantGroup section */

/* Begin XCBuildConfiguration section */
		84B6BE3B1B604F9F0027D690 /* Debug */ = {
			isa = XCBuildConfiguration;
			buildSettings = {
				ALWAYS_SEARCH_USER_PATHS = NO;
				CLANG_CXX_LANGUAGE_STANDARD = "gnu++0x";
				CLANG_CXX_LIBRARY = "libc++";
				CLANG_ENABLE_MODULES = YES;
				CLANG_ENABLE_OBJC_ARC = YES;
				CLANG_WARN_BOOL_CONVERSION = YES;
				CLANG_WARN_CONSTANT_CONVERSION = YES;
				CLANG_WARN_DIRECT_OBJC_ISA_USAGE = YES_ERROR;
				CLANG_WARN_EMPTY_BODY = YES;
				CLANG_WARN_ENUM_CONVERSION = YES;
				CLANG_WARN_INT_CONVERSION = YES;
				CLANG_WARN_OBJC_ROOT_CLASS = YES_ERROR;
				CLANG_WARN_UNREACHABLE_CODE = YES;
				CLANG_WARN__DUPLICATE_METHOD_MATCH = YES;
				"CODE_SIGN_IDENTITY[sdk=iphoneos*]" = "iPhone Developer";
				COPY_PHASE_STRIP = NO;
				DEBUG_INFORMATION_FORMAT = "dwarf-with-dsym";
				ENABLE_STRICT_OBJC_MSGSEND = YES;
				GCC_C_LANGUAGE_STANDARD = gnu99;
				GCC_DYNAMIC_NO_PIC = NO;
				GCC_NO_COMMON_BLOCKS = YES;
				GCC_OPTIMIZATION_LEVEL = 0;
				GCC_PREPROCESSOR_DEFINITIONS = (
					"DEBUG=1",
					"$(inherited)",
				);
				GCC_SYMBOLS_PRIVATE_EXTERN = NO;
				GCC_WARN_64_TO_32_BIT_CONVERSION = YES;
				GCC_WARN_ABOUT_RETURN_TYPE = YES_ERROR;
				GCC_WARN_UNDECLARED_SELECTOR = YES;
				GCC_WARN_UNINITIALIZED_AUTOS = YES_AGGRESSIVE;
				GCC_WARN_UNUSED_FUNCTION = YES;
				GCC_WARN_UNUSED_VARIABLE = YES;
				IPHONEOS_DEPLOYMENT_TARGET = 8.3;
				MTL_ENABLE_DEBUG_INFO = YES;
				ONLY_ACTIVE_ARCH = YES;
				SDKROOT = iphoneos;
			};
			name = Debug;
		};
		84B6BE3C1B604F9F0027D690 /* Release */ = {
			isa = XCBuildConfiguration;
			buildSettings = {
				ALWAYS_SEARCH_USER_PATHS = NO;
				CLANG_CXX_LANGUAGE_STANDARD = "gnu++0x";
				CLANG_CXX_LIBRARY = "libc++";
				CLANG_ENABLE_MODULES = YES;
				CLANG_ENABLE_OBJC_ARC = YES;
				CLANG_WARN_BOOL_CONVERSION = YES;
				CLANG_WARN_CONSTANT_CONVERSION = YES;
				CLANG_WARN_DIRECT_OBJC_ISA_USAGE = YES_ERROR;
				CLANG_WARN_EMPTY_BODY = YES;
				CLANG_WARN_ENUM_CONVERSION = YES;
				CLANG_WARN_INT_CONVERSION = YES;
				CLANG_WARN_OBJC_ROOT_CLASS = YES_ERROR;
				CLANG_WARN_UNREACHABLE_CODE = YES;
				CLANG_WARN__DUPLICATE_METHOD_MATCH = YES;
				"CODE_SIGN_IDENTITY[sdk=iphoneos*]" = "iPhone Developer";
				COPY_PHASE_STRIP = NO;
				DEBUG_INFORMATION_FORMAT = "dwarf-with-dsym";
				ENABLE_NS_ASSERTIONS = NO;
				ENABLE_STRICT_OBJC_MSGSEND = YES;
				GCC_C_LANGUAGE_STANDARD = gnu99;
				GCC_NO_COMMON_BLOCKS = YES;
				GCC_WARN_64_TO_32_BIT_CONVERSION = YES;
				GCC_WARN_ABOUT_RETURN_TYPE = YES_ERROR;
				GCC_WARN_UNDECLARED_SELECTOR = YES;
				GCC_WARN_UNINITIALIZED_AUTOS = YES_AGGRESSIVE;
				GCC_WARN_UNUSED_FUNCTION = YES;
				GCC_WARN_UNUSED_VARIABLE = YES;
				IPHONEOS_DEPLOYMENT_TARGET = 8.3;
				MTL_ENABLE_DEBUG_INFO = NO;
				SDKROOT = iphoneos;
				VALIDATE_PRODUCT = YES;
			};
			name = Release;
		};
		84B6BE3E1B604F9F0027D690 /* Debug */ = {
			isa = XCBuildConfiguration;
			buildSettings = {
				ASSETCATALOG_COMPILER_APPICON_NAME = AppIcon;
				CODE_SIGN_IDENTITY = "iPhone Developer";
				INFOPLIST_FILE = Somnia/Info.plist;
				LD_RUNPATH_SEARCH_PATHS = "$(inherited) @executable_path/Frameworks";
				PRODUCT_NAME = "$(TARGET_NAME)";
			};
			name = Debug;
		};
		84B6BE3F1B604F9F0027D690 /* Release */ = {
			isa = XCBuildConfiguration;
			buildSettings = {
				ASSETCATALOG_COMPILER_APPICON_NAME = AppIcon;
				CODE_SIGN_IDENTITY = "iPhone Developer";
				INFOPLIST_FILE = Somnia/Info.plist;
				LD_RUNPATH_SEARCH_PATHS = "$(inherited) @executable_path/Frameworks";
				PRODUCT_NAME = "$(TARGET_NAME)";
			};
			name = Release;
		};
		84B6BE411B604F9F0027D690 /* Debug */ = {
			isa = XCBuildConfiguration;
			buildSettings = {
				BUNDLE_LOADER = "$(TEST_HOST)";
				FRAMEWORK_SEARCH_PATHS = (
					"$(SDKROOT)/Developer/Library/Frameworks",
					"$(inherited)",
				);
				GCC_PREPROCESSOR_DEFINITIONS = (
					"DEBUG=1",
					"$(inherited)",
				);
				INFOPLIST_FILE = SomniaTests/Info.plist;
				LD_RUNPATH_SEARCH_PATHS = "$(inherited) @executable_path/Frameworks @loader_path/Frameworks";
				PRODUCT_NAME = "$(TARGET_NAME)";
				TEST_HOST = "$(BUILT_PRODUCTS_DIR)/Somnia.app/Somnia";
			};
			name = Debug;
		};
		84B6BE421B604F9F0027D690 /* Release */ = {
			isa = XCBuildConfiguration;
			buildSettings = {
				BUNDLE_LOADER = "$(TEST_HOST)";
				FRAMEWORK_SEARCH_PATHS = (
					"$(SDKROOT)/Developer/Library/Frameworks",
					"$(inherited)",
				);
				INFOPLIST_FILE = SomniaTests/Info.plist;
				LD_RUNPATH_SEARCH_PATHS = "$(inherited) @executable_path/Frameworks @loader_path/Frameworks";
				PRODUCT_NAME = "$(TARGET_NAME)";
				TEST_HOST = "$(BUILT_PRODUCTS_DIR)/Somnia.app/Somnia";
			};
			name = Release;
		};
/* End XCBuildConfiguration section */

/* Begin XCConfigurationList section */
		84B6BE121B604F9E0027D690 /* Build configuration list for PBXProject "Somnia" */ = {
			isa = XCConfigurationList;
			buildConfigurations = (
				84B6BE3B1B604F9F0027D690 /* Debug */,
				84B6BE3C1B604F9F0027D690 /* Release */,
			);
			defaultConfigurationIsVisible = 0;
			defaultConfigurationName = Release;
		};
		84B6BE3D1B604F9F0027D690 /* Build configuration list for PBXNativeTarget "Somnia" */ = {
			isa = XCConfigurationList;
			buildConfigurations = (
				84B6BE3E1B604F9F0027D690 /* Debug */,
				84B6BE3F1B604F9F0027D690 /* Release */,
			);
			defaultConfigurationIsVisible = 0;
			defaultConfigurationName = Release;
		};
		84B6BE401B604F9F0027D690 /* Build configuration list for PBXNativeTarget "SomniaTests" */ = {
			isa = XCConfigurationList;
			buildConfigurations = (
				84B6BE411B604F9F0027D690 /* Debug */,
				84B6BE421B604F9F0027D690 /* Release */,
			);
			defaultConfigurationIsVisible = 0;
			defaultConfigurationName = Release;
		};
/* End XCConfigurationList section */
	};
	rootObject = 84B6BE0F1B604F9E0027D690 /* Project object */;
}
